
Microsoft Visual Studio Solution File, Format Version 12.00
# Visual Studio Version 17
VisualStudioVersion = 17.6.33815.320
MinimumVisualStudioVersion = 10.0.40219.1
Project("{FAE04EC0-301F-11D3-BF4B-00C04F79EFBC}") = "Logging", "Logging.csproj", "{B75AC053-86A6-424B-8AB7-D517190DE2C6}"
EndProject
Global
	GlobalSection(SolutionConfigurationPlatforms) = preSolution
		Debug|Any CPU = Debug|Any CPU
		Release|Any CPU = Release|Any CPU
	EndGlobalSection
	GlobalSection(ProjectConfigurationPlatforms) = postSolution
		{B75AC053-86A6-424B-8AB7-D517190DE2C6}.Debug|Any CPU.ActiveCfg = Debug|Any CPU
		{B75AC053-86A6-424B-8AB7-D517190DE2C6}.Debug|Any CPU.Build.0 = Debug|Any CPU
		{B75AC053-86A6-424B-8AB7-D517190DE2C6}.Release|Any CPU.ActiveCfg = Release|Any CPU
		{B75AC053-86A6-424B-8AB7-D517190DE2C6}.Release|Any CPU.Build.0 = Release|Any CPU
	EndGlobalSection
	GlobalSection(SolutionProperties) = preSolution
		HideSolutionNode = FALSE
	EndGlobalSection
	GlobalSection(ExtensibilityGlobals) = postSolution
		SolutionGuid = {57F2CE66-10D7-405E-911A-502B6428B57D}
	EndGlobalSection
EndGlobal
